
Microsoft Visual Studio Solution File, Format Version 12.00
# Visual Studio Version 17
VisualStudioVersion = 17.11.35327.3
MinimumVisualStudioVersion = 10.0.40219.1
Project("{FAE04EC0-301F-11D3-BF4B-00C04F79EFBC}") = "08 - Calculadora Web Service", "08 - Calculadora Web Service\08 - Calculadora Web Service.csproj", "{31EC200E-1B69-4AD8-854A-3ED61C93DE3B}"
	ProjectSection(ProjectDependencies) = postProject
		{C078CD9F-2AC6-4654-B9CA-831C1FFE2540} = {C078CD9F-2AC6-4654-B9CA-831C1FFE2540}
	EndProjectSection
EndProject
Project("{FAE04EC0-301F-11D3-BF4B-00C04F79EFBC}") = "Aplicacion Web", "Aplicacion Web\Aplicacion Web.csproj", "{C078CD9F-2AC6-4654-B9CA-831C1FFE2540}"
EndProject
Global
	GlobalSection(SolutionConfigurationPlatforms) = preSolution
		Debug|Any CPU = Debug|Any CPU
		Release|Any CPU = Release|Any CPU
	EndGlobalSection
	GlobalSection(ProjectConfigurationPlatforms) = postSolution
		{31EC200E-1B69-4AD8-854A-3ED61C93DE3B}.Debug|Any CPU.ActiveCfg = Debug|Any CPU
		{31EC200E-1B69-4AD8-854A-3ED61C93DE3B}.Debug|Any CPU.Build.0 = Debug|Any CPU
		{31EC200E-1B69-4AD8-854A-3ED61C93DE3B}.Release|Any CPU.ActiveCfg = Release|Any CPU
		{31EC200E-1B69-4AD8-854A-3ED61C93DE3B}.Release|Any CPU.Build.0 = Release|Any CPU
		{C078CD9F-2AC6-4654-B9CA-831C1FFE2540}.Debug|Any CPU.ActiveCfg = Debug|Any CPU
		{C078CD9F-2AC6-4654-B9CA-831C1FFE2540}.Debug|Any CPU.Build.0 = Debug|Any CPU
		{C078CD9F-2AC6-4654-B9CA-831C1FFE2540}.Release|Any CPU.ActiveCfg = Release|Any CPU
		{C078CD9F-2AC6-4654-B9CA-831C1FFE2540}.Release|Any CPU.Build.0 = Release|Any CPU
	EndGlobalSection
	GlobalSection(SolutionProperties) = preSolution
		HideSolutionNode = FALSE
	EndGlobalSection
	GlobalSection(ExtensibilityGlobals) = postSolution
		SolutionGuid = {4A91B398-515B-41CF-9237-92C3AD01C31A}
	EndGlobalSection
EndGlobal
